// !$*UTF8*$!
{
	archiveVersion = 1;
	classes = {
	};
	objectVersion = 46;
	objects = {

/* Begin PBXBuildFile section */
		E466F467156591B900C358DA /* UIKit.framework in Frameworks */ = {isa = PBXBuildFile; fileRef = E466F466156591B900C358DA /* UIKit.framework */; };
		E466F469156591B900C358DA /* Foundation.framework in Frameworks */ = {isa = PBXBuildFile; fileRef = E466F468156591B900C358DA /* Foundation.framework */; };
		E466F46B156591B900C358DA /* CoreGraphics.framework in Frameworks */ = {isa = PBXBuildFile; fileRef = E466F46A156591B900C358DA /* CoreGraphics.framework */; };
		E466F471156591B900C358DA /* InfoPlist.strings in Resources */ = {isa = PBXBuildFile; fileRef = E466F46F156591B900C358DA /* InfoPlist.strings */; };
		E466F473156591B900C358DA /* main.m in Sources */ = {isa = PBXBuildFile; fileRef = E466F472156591B900C358DA /* main.m */; };
		E466F477156591B900C358DA /* AppDelegate.m in Sources */ = {isa = PBXBuildFile; fileRef = E466F476156591B900C358DA /* AppDelegate.m */; };
		E466F47A156591B900C358DA /* ViewController.m in Sources */ = {isa = PBXBuildFile; fileRef = E466F479156591B900C358DA /* ViewController.m */; };
		E466F47D156591BA00C358DA /* ViewController.xib in Resources */ = {isa = PBXBuildFile; fileRef = E466F47B156591BA00C358DA /* ViewController.xib */; };
		E466F485156591BA00C358DA /* SenTestingKit.framework in Frameworks */ = {isa = PBXBuildFile; fileRef = E466F484156591BA00C358DA /* SenTestingKit.framework */; };
		E466F486156591BA00C358DA /* UIKit.framework in Frameworks */ = {isa = PBXBuildFile; fileRef = E466F466156591B900C358DA /* UIKit.framework */; };
		E466F487156591BA00C358DA /* Foundation.framework in Frameworks */ = {isa = PBXBuildFile; fileRef = E466F468156591B900C358DA /* Foundation.framework */; };
		E466F48F156591BA00C358DA /* InfoPlist.strings in Resources */ = {isa = PBXBuildFile; fileRef = E466F48D156591BA00C358DA /* InfoPlist.strings */; };
		E466F492156591BA00C358DA /* uixpopoverpickerTests.m in Sources */ = {isa = PBXBuildFile; fileRef = E466F491156591BA00C358DA /* uixpopoverpickerTests.m */; };
		E466F49D1565939800C358DA /* UIXPicklistPopoverController.m in Sources */ = {isa = PBXBuildFile; fileRef = E466F49C1565939800C358DA /* UIXPicklistPopoverController.m */; };
/* End PBXBuildFile section */

/* Begin PBXContainerItemProxy section */
		E466F488156591BA00C358DA /* PBXContainerItemProxy */ = {
			isa = PBXContainerItemProxy;
			containerPortal = E466F459156591B900C358DA /* Project object */;
			proxyType = 1;
			remoteGlobalIDString = E466F461156591B900C358DA;
			remoteInfo = uixpopoverpicker;
		};
/* End PBXContainerItemProxy section */

/* Begin PBXFileReference section */
		E466F462156591B900C358DA /* uixpopoverpicker.app */ = {isa = PBXFileReference; explicitFileType = wrapper.application; includeInIndex = 0; path = uixpopoverpicker.app; sourceTree = BUILT_PRODUCTS_DIR; };
		E466F466156591B900C358DA /* UIKit.framework */ = {isa = PBXFileReference; lastKnownFileType = wrapper.framework; name = UIKit.framework; path = System/Library/Frameworks/UIKit.framework; sourceTree = SDKROOT; };
		E466F468156591B900C358DA /* Foundation.framework */ = {isa = PBXFileReference; lastKnownFileType = wrapper.framework; name = Foundation.framework; path = System/Library/Frameworks/Foundation.framework; sourceTree = SDKROOT; };
		E466F46A156591B900C358DA /* CoreGraphics.framework */ = {isa = PBXFileReference; lastKnownFileType = wrapper.framework; name = CoreGraphics.framework; path = System/Library/Frameworks/CoreGraphics.framework; sourceTree = SDKROOT; };
		E466F46E156591B900C358DA /* uixpopoverpicker-Info.plist */ = {isa = PBXFileReference; lastKnownFileType = text.plist.xml; path = "uixpopoverpicker-Info.plist"; sourceTree = "<group>"; };
		E466F470156591B900C358DA /* en */ = {isa = PBXFileReference; lastKnownFileType = text.plist.strings; name = en; path = en.lproj/InfoPlist.strings; sourceTree = "<group>"; };
		E466F472156591B900C358DA /* main.m */ = {isa = PBXFileReference; lastKnownFileType = sourcecode.c.objc; path = main.m; sourceTree = "<group>"; };
		E466F474156591B900C358DA /* uixpopoverpicker-Prefix.pch */ = {isa = PBXFileReference; lastKnownFileType = sourcecode.c.h; path = "uixpopoverpicker-Prefix.pch"; sourceTree = "<group>"; };
		E466F475156591B900C358DA /* AppDelegate.h */ = {isa = PBXFileReference; lastKnownFileType = sourcecode.c.h; path = AppDelegate.h; sourceTree = "<group>"; };
		E466F476156591B900C358DA /* AppDelegate.m */ = {isa = PBXFileReference; lastKnownFileType = sourcecode.c.objc; path = AppDelegate.m; sourceTree = "<group>"; };
		E466F478156591B900C358DA /* ViewController.h */ = {isa = PBXFileReference; lastKnownFileType = sourcecode.c.h; path = ViewController.h; sourceTree = "<group>"; };
		E466F479156591B900C358DA /* ViewController.m */ = {isa = PBXFileReference; lastKnownFileType = sourcecode.c.objc; path = ViewController.m; sourceTree = "<group>"; };
		E466F47C156591BA00C358DA /* en */ = {isa = PBXFileReference; lastKnownFileType = file.xib; name = en; path = en.lproj/ViewController.xib; sourceTree = "<group>"; };
		E466F483156591BA00C358DA /* uixpopoverpickerTests.octest */ = {isa = PBXFileReference; explicitFileType = wrapper.cfbundle; includeInIndex = 0; path = uixpopoverpickerTests.octest; sourceTree = BUILT_PRODUCTS_DIR; };
		E466F484156591BA00C358DA /* SenTestingKit.framework */ = {isa = PBXFileReference; lastKnownFileType = wrapper.framework; name = SenTestingKit.framework; path = Library/Frameworks/SenTestingKit.framework; sourceTree = DEVELOPER_DIR; };
		E466F48C156591BA00C358DA /* uixpopoverpickerTests-Info.plist */ = {isa = PBXFileReference; lastKnownFileType = text.plist.xml; path = "uixpopoverpickerTests-Info.plist"; sourceTree = "<group>"; };
		E466F48E156591BA00C358DA /* en */ = {isa = PBXFileReference; lastKnownFileType = text.plist.strings; name = en; path = en.lproj/InfoPlist.strings; sourceTree = "<group>"; };
		E466F490156591BA00C358DA /* uixpopoverpickerTests.h */ = {isa = PBXFileReference; lastKnownFileType = sourcecode.c.h; path = uixpopoverpickerTests.h; sourceTree = "<group>"; };
		E466F491156591BA00C358DA /* uixpopoverpickerTests.m */ = {isa = PBXFileReference; lastKnownFileType = sourcecode.c.objc; path = uixpopoverpickerTests.m; sourceTree = "<group>"; };
		E466F49B1565939800C358DA /* UIXPicklistPopoverController.h */ = {isa = PBXFileReference; fileEncoding = 4; lastKnownFileType = sourcecode.c.h; path = UIXPicklistPopoverController.h; sourceTree = "<group>"; };
		E466F49C1565939800C358DA /* UIXPicklistPopoverController.m */ = {isa = PBXFileReference; fileEncoding = 4; lastKnownFileType = sourcecode.c.objc; path = UIXPicklistPopoverController.m; sourceTree = "<group>"; };
/* End PBXFileReference section */

/* Begin PBXFrameworksBuildPhase section */
		E466F45F156591B900C358DA /* Frameworks */ = {
			isa = PBXFrameworksBuildPhase;
			buildActionMask = 2147483647;
			files = (
				E466F467156591B900C358DA /* UIKit.framework in Frameworks */,
				E466F469156591B900C358DA /* Foundation.framework in Frameworks */,
				E466F46B156591B900C358DA /* CoreGraphics.framework in Frameworks */,
			);
			runOnlyForDeploymentPostprocessing = 0;
		};
		E466F47F156591BA00C358DA /* Frameworks */ = {
			isa = PBXFrameworksBuildPhase;
			buildActionMask = 2147483647;
			files = (
				E466F485156591BA00C358DA /* SenTestingKit.framework in Frameworks */,
				E466F486156591BA00C358DA /* UIKit.framework in Frameworks */,
				E466F487156591BA00C358DA /* Foundation.framework in Frameworks */,
			);
			runOnlyForDeploymentPostprocessing = 0;
		};
/* End PBXFrameworksBuildPhase section */

/* Begin PBXGroup section */
		E466F457156591B900C358DA = {
			isa = PBXGroup;
			children = (
				E466F46C156591B900C358DA /* uixpopoverpicker */,
				E466F48A156591BA00C358DA /* uixpopoverpickerTests */,
				E466F465156591B900C358DA /* Frameworks */,
				E466F463156591B900C358DA /* Products */,
			);
			sourceTree = "<group>";
		};
		E466F463156591B900C358DA /* Products */ = {
			isa = PBXGroup;
			children = (
				E466F462156591B900C358DA /* uixpopoverpicker.app */,
				E466F483156591BA00C358DA /* uixpopoverpickerTests.octest */,
			);
			name = Products;
			sourceTree = "<group>";
		};
		E466F465156591B900C358DA /* Frameworks */ = {
			isa = PBXGroup;
			children = (
				E466F466156591B900C358DA /* UIKit.framework */,
				E466F468156591B900C358DA /* Foundation.framework */,
				E466F46A156591B900C358DA /* CoreGraphics.framework */,
				E466F484156591BA00C358DA /* SenTestingKit.framework */,
			);
			name = Frameworks;
			sourceTree = "<group>";
		};
		E466F46C156591B900C358DA /* uixpopoverpicker */ = {
			isa = PBXGroup;
			children = (
				E466F475156591B900C358DA /* AppDelegate.h */,
				E466F476156591B900C358DA /* AppDelegate.m */,
				E466F478156591B900C358DA /* ViewController.h */,
				E466F479156591B900C358DA /* ViewController.m */,
				E466F47B156591BA00C358DA /* ViewController.xib */,
				E466F46D156591B900C358DA /* Supporting Files */,
				E466F49B1565939800C358DA /* UIXPicklistPopoverController.h */,
				E466F49C1565939800C358DA /* UIXPicklistPopoverController.m */,
			);
			path = uixpopoverpicker;
			sourceTree = "<group>";
		};
		E466F46D156591B900C358DA /* Supporting Files */ = {
			isa = PBXGroup;
			children = (
				E466F46E156591B900C358DA /* uixpopoverpicker-Info.plist */,
				E466F46F156591B900C358DA /* InfoPlist.strings */,
				E466F472156591B900C358DA /* main.m */,
				E466F474156591B900C358DA /* uixpopoverpicker-Prefix.pch */,
			);
			name = "Supporting Files";
			sourceTree = "<group>";
		};
		E466F48A156591BA00C358DA /* uixpopoverpickerTests */ = {
			isa = PBXGroup;
			children = (
				E466F490156591BA00C358DA /* uixpopoverpickerTests.h */,
				E466F491156591BA00C358DA /* uixpopoverpickerTests.m */,
				E466F48B156591BA00C358DA /* Supporting Files */,
			);
			path = uixpopoverpickerTests;
			sourceTree = "<group>";
		};
		E466F48B156591BA00C358DA /* Supporting Files */ = {
			isa = PBXGroup;
			children = (
				E466F48C156591BA00C358DA /* uixpopoverpickerTests-Info.plist */,
				E466F48D156591BA00C358DA /* InfoPlist.strings */,
			);
			name = "Supporting Files";
			sourceTree = "<group>";
		};
/* End PBXGroup section */

/* Begin PBXNativeTarget section */
		E466F461156591B900C358DA /* uixpopoverpicker */ = {
			isa = PBXNativeTarget;
			buildConfigurationList = E466F495156591BA00C358DA /* Build configuration list for PBXNativeTarget "uixpopoverpicker" */;
			buildPhases = (
				E466F45E156591B900C358DA /* Sources */,
				E466F45F156591B900C358DA /* Frameworks */,
				E466F460156591B900C358DA /* Resources */,
			);
			buildRules = (
			);
			dependencies = (
			);
			name = uixpopoverpicker;
			productName = uixpopoverpicker;
			productReference = E466F462156591B900C358DA /* uixpopoverpicker.app */;
			productType = "com.apple.product-type.application";
		};
		E466F482156591BA00C358DA /* uixpopoverpickerTests */ = {
			isa = PBXNativeTarget;
			buildConfigurationList = E466F498156591BA00C358DA /* Build configuration list for PBXNativeTarget "uixpopoverpickerTests" */;
			buildPhases = (
				E466F47E156591BA00C358DA /* Sources */,
				E466F47F156591BA00C358DA /* Frameworks */,
				E466F480156591BA00C358DA /* Resources */,
				E466F481156591BA00C358DA /* ShellScript */,
			);
			buildRules = (
			);
			dependencies = (
				E466F489156591BA00C358DA /* PBXTargetDependency */,
			);
			name = uixpopoverpickerTests;
			productName = uixpopoverpickerTests;
			productReference = E466F483156591BA00C358DA /* uixpopoverpickerTests.octest */;
			productType = "com.apple.product-type.bundle";
		};
/* End PBXNativeTarget section */

/* Begin PBXProject section */
		E466F459156591B900C358DA /* Project object */ = {
			isa = PBXProject;
			attributes = {
				LastUpgradeCheck = 0430;
				ORGANIZATIONNAME = "Kickstand Software";
			};
			buildConfigurationList = E466F45C156591B900C358DA /* Build configuration list for PBXProject "uixpopoverpicker" */;
			compatibilityVersion = "Xcode 3.2";
			developmentRegion = English;
			hasScannedForEncodings = 0;
			knownRegions = (
				en,
			);
			mainGroup = E466F457156591B900C358DA;
			productRefGroup = E466F463156591B900C358DA /* Products */;
			projectDirPath = "";
			projectRoot = "";
			targets = (
				E466F461156591B900C358DA /* uixpopoverpicker */,
				E466F482156591BA00C358DA /* uixpopoverpickerTests */,
			);
		};
/* End PBXProject section */

/* Begin PBXResourcesBuildPhase section */
		E466F460156591B900C358DA /* Resources */ = {
			isa = PBXResourcesBuildPhase;
			buildActionMask = 2147483647;
			files = (
				E466F471156591B900C358DA /* InfoPlist.strings in Resources */,
				E466F47D156591BA00C358DA /* ViewController.xib in Resources */,
			);
			runOnlyForDeploymentPostprocessing = 0;
		};
		E466F480156591BA00C358DA /* Resources */ = {
			isa = PBXResourcesBuildPhase;
			buildActionMask = 2147483647;
			files = (
				E466F48F156591BA00C358DA /* InfoPlist.strings in Resources */,
			);
			runOnlyForDeploymentPostprocessing = 0;
		};
/* End PBXResourcesBuildPhase section */

/* Begin PBXShellScriptBuildPhase section */
		E466F481156591BA00C358DA /* ShellScript */ = {
			isa = PBXShellScriptBuildPhase;
			buildActionMask = 2147483647;
			files = (
			);
			inputPaths = (
			);
			outputPaths = (
			);
			runOnlyForDeploymentPostprocessing = 0;
			shellPath = /bin/sh;
			shellScript = "# Run the unit tests in this test bundle.\n\"${SYSTEM_DEVELOPER_DIR}/Tools/RunUnitTests\"\n";
		};
/* End PBXShellScriptBuildPhase section */

/* Begin PBXSourcesBuildPhase section */
		E466F45E156591B900C358DA /* Sources */ = {
			isa = PBXSourcesBuildPhase;
			buildActionMask = 2147483647;
			files = (
				E466F473156591B900C358DA /* main.m in Sources */,
				E466F477156591B900C358DA /* AppDelegate.m in Sources */,
				E466F47A156591B900C358DA /* ViewController.m in Sources */,
				E466F49D1565939800C358DA /* UIXPicklistPopoverController.m in Sources */,
			);
			runOnlyForDeploymentPostprocessing = 0;
		};
		E466F47E156591BA00C358DA /* Sources */ = {
			isa = PBXSourcesBuildPhase;
			buildActionMask = 2147483647;
			files = (
				E466F492156591BA00C358DA /* uixpopoverpickerTests.m in Sources */,
			);
			runOnlyForDeploymentPostprocessing = 0;
		};
/* End PBXSourcesBuildPhase section */

/* Begin PBXTargetDependency section */
		E466F489156591BA00C358DA /* PBXTargetDependency */ = {
			isa = PBXTargetDependency;
			target = E466F461156591B900C358DA /* uixpopoverpicker */;
			targetProxy = E466F488156591BA00C358DA /* PBXContainerItemProxy */;
		};
/* End PBXTargetDependency section */

/* Begin PBXVariantGroup section */
		E466F46F156591B900C358DA /* InfoPlist.strings */ = {
			isa = PBXVariantGroup;
			children = (
				E466F470156591B900C358DA /* en */,
			);
			name = InfoPlist.strings;
			sourceTree = "<group>";
		};
		E466F47B156591BA00C358DA /* ViewController.xib */ = {
			isa = PBXVariantGroup;
			children = (
				E466F47C156591BA00C358DA /* en */,
			);
			name = ViewController.xib;
			sourceTree = "<group>";
		};
		E466F48D156591BA00C358DA /* InfoPlist.strings */ = {
			isa = PBXVariantGroup;
			children = (
				E466F48E156591BA00C358DA /* en */,
			);
			name = InfoPlist.strings;
			sourceTree = "<group>";
		};
/* End PBXVariantGroup section */

/* Begin XCBuildConfiguration section */
		E466F493156591BA00C358DA /* Debug */ = {
			isa = XCBuildConfiguration;
			buildSettings = {
				ALWAYS_SEARCH_USER_PATHS = NO;
				ARCHS = "$(ARCHS_STANDARD_32_BIT)";
				"CODE_SIGN_IDENTITY[sdk=iphoneos*]" = "iPhone Developer";
				COPY_PHASE_STRIP = NO;
				GCC_C_LANGUAGE_STANDARD = gnu99;
				GCC_DYNAMIC_NO_PIC = NO;
				GCC_OPTIMIZATION_LEVEL = 0;
				GCC_PREPROCESSOR_DEFINITIONS = (
					"DEBUG=1",
					"$(inherited)",
				);
				GCC_SYMBOLS_PRIVATE_EXTERN = NO;
				GCC_VERSION = com.apple.compilers.llvm.clang.1_0;
				GCC_WARN_ABOUT_RETURN_TYPE = YES;
				GCC_WARN_UNINITIALIZED_AUTOS = YES;
				GCC_WARN_UNUSED_VARIABLE = YES;
				IPHONEOS_DEPLOYMENT_TARGET = 5.1;
				SDKROOT = iphoneos;
				TARGETED_DEVICE_FAMILY = 2;
			};
			name = Debug;
		};
		E466F494156591BA00C358DA /* Release */ = {
			isa = XCBuildConfiguration;
			buildSettings = {
				ALWAYS_SEARCH_USER_PATHS = NO;
				ARCHS = "$(ARCHS_STANDARD_32_BIT)";
				"CODE_SIGN_IDENTITY[sdk=iphoneos*]" = "iPhone Developer";
				COPY_PHASE_STRIP = YES;
				GCC_C_LANGUAGE_STANDARD = gnu99;
				GCC_VERSION = com.apple.compilers.llvm.clang.1_0;
				GCC_WARN_ABOUT_RETURN_TYPE = YES;
				GCC_WARN_UNINITIALIZED_AUTOS = YES;
				GCC_WARN_UNUSED_VARIABLE = YES;
				IPHONEOS_DEPLOYMENT_TARGET = 5.1;
				OTHER_CFLAGS = "-DNS_BLOCK_ASSERTIONS=1";
				SDKROOT = iphoneos;
				TARGETED_DEVICE_FAMILY = 2;
				VALIDATE_PRODUCT = YES;
			};
			name = Release;
		};
		E466F496156591BA00C358DA /* Debug */ = {
			isa = XCBuildConfiguration;
			buildSettings = {
				CLANG_ENABLE_OBJC_ARC = YES;
				GCC_PRECOMPILE_PREFIX_HEADER = YES;
				GCC_PREFIX_HEADER = "uixpopoverpicker/uixpopoverpicker-Prefix.pch";
				INFOPLIST_FILE = "uixpopoverpicker/uixpopoverpicker-Info.plist";
				PRODUCT_NAME = "$(TARGET_NAME)";
				WRAPPER_EXTENSION = app;
			};
			name = Debug;
		};
		E466F497156591BA00C358DA /* Release */ = {
			isa = XCBuildConfiguration;
			buildSettings = {
				CLANG_ENABLE_OBJC_ARC = YES;
				GCC_PRECOMPILE_PREFIX_HEADER = YES;
				GCC_PREFIX_HEADER = "uixpopoverpicker/uixpopoverpicker-Prefix.pch";
				INFOPLIST_FILE = "uixpopoverpicker/uixpopoverpicker-Info.plist";
				PRODUCT_NAME = "$(TARGET_NAME)";
				WRAPPER_EXTENSION = app;
			};
			name = Release;
		};
		E466F499156591BA00C358DA /* Debug */ = {
			isa = XCBuildConfiguration;
			buildSettings = {
				BUNDLE_LOADER = "$(BUILT_PRODUCTS_DIR)/uixpopoverpicker.app/uixpopoverpicker";
				FRAMEWORK_SEARCH_PATHS = (
					"$(SDKROOT)/Developer/Library/Frameworks",
					"$(DEVELOPER_LIBRARY_DIR)/Frameworks",
				);
				GCC_PRECOMPILE_PREFIX_HEADER = YES;
				GCC_PREFIX_HEADER = "uixpopoverpicker/uixpopoverpicker-Prefix.pch";
				INFOPLIST_FILE = "uixpopoverpickerTests/uixpopoverpickerTests-Info.plist";
				PRODUCT_NAME = "$(TARGET_NAME)";
				TEST_HOST = "$(BUNDLE_LOADER)";
				WRAPPER_EXTENSION = octest;
			};
			name = Debug;
		};
		E466F49A156591BA00C358DA /* Release */ = {
			isa = XCBuildConfiguration;
			buildSettings = {
				BUNDLE_LOADER = "$(BUILT_PRODUCTS_DIR)/uixpopoverpicker.app/uixpopoverpicker";
				FRAMEWORK_SEARCH_PATHS = (
					"$(SDKROOT)/Developer/Library/Frameworks",
					"$(DEVELOPER_LIBRARY_DIR)/Frameworks",
				);
				GCC_PRECOMPILE_PREFIX_HEADER = YES;
				GCC_PREFIX_HEADER = "uixpopoverpicker/uixpopoverpicker-Prefix.pch";
				INFOPLIST_FILE = "uixpopoverpickerTests/uixpopoverpickerTests-Info.plist";
				PRODUCT_NAME = "$(TARGET_NAME)";
				TEST_HOST = "$(BUNDLE_LOADER)";
				WRAPPER_EXTENSION = octest;
			};
			name = Release;
		};
/* End XCBuildConfiguration section */

/* Begin XCConfigurationList section */
		E466F45C156591B900C358DA /* Build configuration list for PBXProject "uixpopoverpicker" */ = {
			isa = XCConfigurationList;
			buildConfigurations = (
				E466F493156591BA00C358DA /* Debug */,
				E466F494156591BA00C358DA /* Release */,
			);
			defaultConfigurationIsVisible = 0;
			defaultConfigurationName = Release;
		};
		E466F495156591BA00C358DA /* Build configuration list for PBXNativeTarget "uixpopoverpicker" */ = {
			isa = XCConfigurationList;
			buildConfigurations = (
				E466F496156591BA00C358DA /* Debug */,
				E466F497156591BA00C358DA /* Release */,
			);
			defaultConfigurationIsVisible = 0;
		};
		E466F498156591BA00C358DA /* Build configuration list for PBXNativeTarget "uixpopoverpickerTests" */ = {
			isa = XCConfigurationList;
			buildConfigurations = (
				E466F499156591BA00C358DA /* Debug */,
				E466F49A156591BA00C358DA /* Release */,
			);
			defaultConfigurationIsVisible = 0;
		};
/* End XCConfigurationList section */
	};
	rootObject = E466F459156591B900C358DA /* Project object */;
}
